
Microsoft Visual Studio Solution File, Format Version 12.00
# Visual Studio 15
VisualStudioVersion = 15.0.28307.1022
MinimumVisualStudioVersion = 10.0.40219.1
Project("{9A19103F-16F7-4668-BE54-9A1E7A4F7556}") = "pipelines-dotnet-core", "..\..\..\Downloads\pipelines-dotnet-core-master\pipelines-dotnet-core.csproj", "{83A206A6-165E-491D-8678-54FD7CA299BE}"
EndProject
Global
	GlobalSection(SolutionConfigurationPlatforms) = preSolution
		Debug|Any CPU = Debug|Any CPU
		Release|Any CPU = Release|Any CPU
	EndGlobalSection
	GlobalSection(ProjectConfigurationPlatforms) = postSolution
		{83A206A6-165E-491D-8678-54FD7CA299BE}.Debug|Any CPU.ActiveCfg = Debug|Any CPU
		{83A206A6-165E-491D-8678-54FD7CA299BE}.Debug|Any CPU.Build.0 = Debug|Any CPU
		{83A206A6-165E-491D-8678-54FD7CA299BE}.Release|Any CPU.ActiveCfg = Release|Any CPU
		{83A206A6-165E-491D-8678-54FD7CA299BE}.Release|Any CPU.Build.0 = Release|Any CPU
	EndGlobalSection
	GlobalSection(SolutionProperties) = preSolution
		HideSolutionNode = FALSE
	EndGlobalSection
	GlobalSection(ExtensibilityGlobals) = postSolution
		SolutionGuid = {F470BDDB-3C08-48EF-8409-2D3A659334C7}
	EndGlobalSection
EndGlobal
