
Microsoft Visual Studio Solution File, Format Version 12.00
# Visual Studio 15
VisualStudioVersion = 15.0.28307.1022
MinimumVisualStudioVersion = 10.0.40219.1
Project("{9A19103F-16F7-4668-BE54-9A1E7A4F7556}") = "pipelines-dotnet-core", "pipelines-dotnet-core-master\pipelines-dotnet-core.csproj", "{DEA6ACB4-45DA-4718-AB8C-3079AE85C8D9}"
EndProject
Global
	GlobalSection(SolutionConfigurationPlatforms) = preSolution
		Debug|Any CPU = Debug|Any CPU
		Release|Any CPU = Release|Any CPU
	EndGlobalSection
	GlobalSection(ProjectConfigurationPlatforms) = postSolution
		{DEA6ACB4-45DA-4718-AB8C-3079AE85C8D9}.Debug|Any CPU.ActiveCfg = Debug|Any CPU
		{DEA6ACB4-45DA-4718-AB8C-3079AE85C8D9}.Debug|Any CPU.Build.0 = Debug|Any CPU
		{DEA6ACB4-45DA-4718-AB8C-3079AE85C8D9}.Release|Any CPU.ActiveCfg = Release|Any CPU
		{DEA6ACB4-45DA-4718-AB8C-3079AE85C8D9}.Release|Any CPU.Build.0 = Release|Any CPU
	EndGlobalSection
	GlobalSection(SolutionProperties) = preSolution
		HideSolutionNode = FALSE
	EndGlobalSection
	GlobalSection(ExtensibilityGlobals) = postSolution
		SolutionGuid = {054582FA-1738-4CF9-A9B3-4B32FB1F04C2}
	EndGlobalSection
EndGlobal
